
Microsoft Visual Studio Solution File, Format Version 12.00
# Visual Studio Version 17
VisualStudioVersion = 17.10.36631.13
MinimumVisualStudioVersion = 10.0.40219.1
Project("{FAE04EC0-301F-11D3-BF4B-00C04F79EFBC}") = "S2T1", "S2T1.csproj", "{D2589CCC-C501-482E-B13E-403B32D18D09}"
EndProject
Global
	GlobalSection(SolutionConfigurationPlatforms) = preSolution
		Debug|Any CPU = Debug|Any CPU
		Release|Any CPU = Release|Any CPU
	EndGlobalSection
	GlobalSection(ProjectConfigurationPlatforms) = postSolution
		{D2589CCC-C501-482E-B13E-403B32D18D09}.Debug|Any CPU.ActiveCfg = Debug|Any CPU
		{D2589CCC-C501-482E-B13E-403B32D18D09}.Debug|Any CPU.Build.0 = Debug|Any CPU
		{D2589CCC-C501-482E-B13E-403B32D18D09}.Release|Any CPU.ActiveCfg = Release|Any CPU
		{D2589CCC-C501-482E-B13E-403B32D18D09}.Release|Any CPU.Build.0 = Release|Any CPU
	EndGlobalSection
	GlobalSection(SolutionProperties) = preSolution
		HideSolutionNode = FALSE
	EndGlobalSection
	GlobalSection(ExtensibilityGlobals) = postSolution
		SolutionGuid = {5B965B14-A7C6-47CD-A651-F7A4DE6F61C2}
	EndGlobalSection
EndGlobal
